
Microsoft Visual Studio Solution File, Format Version 12.00
# Visual Studio 15
VisualStudioVersion = 15.0.27130.2036
MinimumVisualStudioVersion = 10.0.40219.1
Project("{FAE04EC0-301F-11D3-BF4B-00C04F79EFBC}") = "COMP6211exercises", "COMP6211exercises\COMP6211exercises.csproj", "{36862575-7C5B-4803-AD78-9A29D191D0C5}"
EndProject
Global
	GlobalSection(SolutionConfigurationPlatforms) = preSolution
		Debug|Any CPU = Debug|Any CPU
		Release|Any CPU = Release|Any CPU
	EndGlobalSection
	GlobalSection(ProjectConfigurationPlatforms) = postSolution
		{36862575-7C5B-4803-AD78-9A29D191D0C5}.Debug|Any CPU.ActiveCfg = Debug|Any CPU
		{36862575-7C5B-4803-AD78-9A29D191D0C5}.Debug|Any CPU.Build.0 = Debug|Any CPU
		{36862575-7C5B-4803-AD78-9A29D191D0C5}.Release|Any CPU.ActiveCfg = Release|Any CPU
		{36862575-7C5B-4803-AD78-9A29D191D0C5}.Release|Any CPU.Build.0 = Release|Any CPU
	EndGlobalSection
	GlobalSection(SolutionProperties) = preSolution
		HideSolutionNode = FALSE
	EndGlobalSection
	GlobalSection(ExtensibilityGlobals) = postSolution
		SolutionGuid = {0F984F86-02A8-4016-8B3A-0622C8D62D11}
	EndGlobalSection
EndGlobal
