
Microsoft Visual Studio Solution File, Format Version 12.00
# Visual Studio 15
VisualStudioVersion = 15.0.27130.2036
MinimumVisualStudioVersion = 10.0.40219.1
Project("{FAE04EC0-301F-11D3-BF4B-00C04F79EFBC}") = "RandomNumbers", "RandomNumbers\RandomNumbers.csproj", "{6257AC04-2FDD-4A91-81A3-C5BD4F0B0607}"
EndProject
Global
	GlobalSection(SolutionConfigurationPlatforms) = preSolution
		Debug|Any CPU = Debug|Any CPU
		Release|Any CPU = Release|Any CPU
	EndGlobalSection
	GlobalSection(ProjectConfigurationPlatforms) = postSolution
		{6257AC04-2FDD-4A91-81A3-C5BD4F0B0607}.Debug|Any CPU.ActiveCfg = Debug|Any CPU
		{6257AC04-2FDD-4A91-81A3-C5BD4F0B0607}.Debug|Any CPU.Build.0 = Debug|Any CPU
		{6257AC04-2FDD-4A91-81A3-C5BD4F0B0607}.Release|Any CPU.ActiveCfg = Release|Any CPU
		{6257AC04-2FDD-4A91-81A3-C5BD4F0B0607}.Release|Any CPU.Build.0 = Release|Any CPU
	EndGlobalSection
	GlobalSection(SolutionProperties) = preSolution
		HideSolutionNode = FALSE
	EndGlobalSection
	GlobalSection(ExtensibilityGlobals) = postSolution
		SolutionGuid = {321815FA-F221-4F72-890B-D19DF3EDFC63}
	EndGlobalSection
EndGlobal
